// !$*UTF8*$!
{
	archiveVersion = 1;
	classes = {
	};
	objectVersion = 51;
	objects = {

/* Begin PBXBuildFile section */
		0436FC2125BE5F15003ACF73 /* RxPhotoFilterViewController.swift in Sources */ = {isa = PBXBuildFile; fileRef = 0436FC2025BE5F15003ACF73 /* RxPhotoFilterViewController.swift */; };
		0436FC2425BE5F28003ACF73 /* RxPhotoFilterCollectionViewController.swift in Sources */ = {isa = PBXBuildFile; fileRef = 0436FC2325BE5F28003ACF73 /* RxPhotoFilterCollectionViewController.swift */; };
		0436FCC125BE6D0F003ACF73 /* PhotoCollectionViewCell.swift in Sources */ = {isa = PBXBuildFile; fileRef = 0436FCC025BE6D0F003ACF73 /* PhotoCollectionViewCell.swift */; };
		0444934E2596E6ED0091EE88 /* AppDelegate.swift in Sources */ = {isa = PBXBuildFile; fileRef = 0444934D2596E6ED0091EE88 /* AppDelegate.swift */; };
		044493502596E6ED0091EE88 /* SceneDelegate.swift in Sources */ = {isa = PBXBuildFile; fileRef = 0444934F2596E6ED0091EE88 /* SceneDelegate.swift */; };
		044493522596E6ED0091EE88 /* DisposeExampleViewController.swift in Sources */ = {isa = PBXBuildFile; fileRef = 044493512596E6ED0091EE88 /* DisposeExampleViewController.swift */; };
		044493552596E6ED0091EE88 /* Main.storyboard in Resources */ = {isa = PBXBuildFile; fileRef = 044493532596E6ED0091EE88 /* Main.storyboard */; };
		044493572596E6EE0091EE88 /* Assets.xcassets in Resources */ = {isa = PBXBuildFile; fileRef = 044493562596E6EE0091EE88 /* Assets.xcassets */; };
		0444935A2596E6EE0091EE88 /* LaunchScreen.storyboard in Resources */ = {isa = PBXBuildFile; fileRef = 044493582596E6EE0091EE88 /* LaunchScreen.storyboard */; };
		047104C525C25680001D1BAD /* Article.swift in Sources */ = {isa = PBXBuildFile; fileRef = 047104C425C25680001D1BAD /* Article.swift */; };
		047104C925C25B01001D1BAD /* ArticleTableViewCell.swift in Sources */ = {isa = PBXBuildFile; fileRef = 047104C825C25B01001D1BAD /* ArticleTableViewCell.swift */; };
		047CC63125BFAE4B006EF82E /* FilterService.swift in Sources */ = {isa = PBXBuildFile; fileRef = 047CC63025BFAE4B006EF82E /* FilterService.swift */; };
		047D62F825A55ECE00697BF2 /* LoginViewModel.swift in Sources */ = {isa = PBXBuildFile; fileRef = 047D62F725A55ECE00697BF2 /* LoginViewModel.swift */; };
		04A66D4A25C0F99000A3EB92 /* ListViewController.swift in Sources */ = {isa = PBXBuildFile; fileRef = 04A66D4925C0F99000A3EB92 /* ListViewController.swift */; };
		04A66D4D25C0FB1400A3EB92 /* ListTableViewCell.swift in Sources */ = {isa = PBXBuildFile; fileRef = 04A66D4C25C0FB1400A3EB92 /* ListTableViewCell.swift */; };
		04A66D5025C0FCD800A3EB92 /* AddListViewController.swift in Sources */ = {isa = PBXBuildFile; fileRef = 04A66D4F25C0FCD800A3EB92 /* AddListViewController.swift */; };
		04A66D5325C0FDEE00A3EB92 /* Task.swift in Sources */ = {isa = PBXBuildFile; fileRef = 04A66D5225C0FDEE00A3EB92 /* Task.swift */; };
		04A66D5925C1110500A3EB92 /* Constants.swift in Sources */ = {isa = PBXBuildFile; fileRef = 04A66D5825C1110500A3EB92 /* Constants.swift */; };
		04A66D5D25C1131400A3EB92 /* NewsTableViewController.swift in Sources */ = {isa = PBXBuildFile; fileRef = 04A66D5C25C1131400A3EB92 /* NewsTableViewController.swift */; };
		04AEB7212599873600CA9795 /* LoginExampleViewController.swift in Sources */ = {isa = PBXBuildFile; fileRef = 04AEB7202599873600CA9795 /* LoginExampleViewController.swift */; };
		04AEB724259989AC00CA9795 /* LoginRxExampleViewController.swift in Sources */ = {isa = PBXBuildFile; fileRef = 04AEB723259989AC00CA9795 /* LoginRxExampleViewController.swift */; };
		04B78CE725B7CE06006AE6E2 /* RxJsonApiTableViewController.swift in Sources */ = {isa = PBXBuildFile; fileRef = 04B78CE625B7CE06006AE6E2 /* RxJsonApiTableViewController.swift */; };
		04B78CEA25B7CE1F006AE6E2 /* RxJsonApiTableViewCell.swift in Sources */ = {isa = PBXBuildFile; fileRef = 04B78CE925B7CE1F006AE6E2 /* RxJsonApiTableViewCell.swift */; };
		04B78CED25B7CEE4006AE6E2 /* Person.swift in Sources */ = {isa = PBXBuildFile; fileRef = 04B78CEC25B7CEE4006AE6E2 /* Person.swift */; };
		04B934A925C3AC3900EAC5BE /* WeatherConstants.swift in Sources */ = {isa = PBXBuildFile; fileRef = 04B934A825C3AC3900EAC5BE /* WeatherConstants.swift */; };
		04B934AD25C3C54900EAC5BE /* WeatherViewController.swift in Sources */ = {isa = PBXBuildFile; fileRef = 04B934AC25C3C54900EAC5BE /* WeatherViewController.swift */; };
		04B934B125C3C6D400EAC5BE /* WeatherResult.swift in Sources */ = {isa = PBXBuildFile; fileRef = 04B934B025C3C6D400EAC5BE /* WeatherResult.swift */; };
		04B934B425C3C78F00EAC5BE /* URLRequest+Extensions.swift in Sources */ = {isa = PBXBuildFile; fileRef = 04B934B325C3C78F00EAC5BE /* URLRequest+Extensions.swift */; };
		04D6E22725B911D3000538C2 /* APIService.swift in Sources */ = {isa = PBXBuildFile; fileRef = 04D6E22625B911D3000538C2 /* APIService.swift */; };
		04D6E22A25B914BE000538C2 /* OrderViewController.swift in Sources */ = {isa = PBXBuildFile; fileRef = 04D6E22925B914BE000538C2 /* OrderViewController.swift */; };
		04D6E22D25B9168A000538C2 /* MenuViewController.swift in Sources */ = {isa = PBXBuildFile; fileRef = 04D6E22C25B9168A000538C2 /* MenuViewController.swift */; };
		04D6E23025B916A4000538C2 /* MenuTableViewCell.swift in Sources */ = {isa = PBXBuildFile; fileRef = 04D6E22F25B916A4000538C2 /* MenuTableViewCell.swift */; };
		04D6E23325B91B60000538C2 /* Menu.swift in Sources */ = {isa = PBXBuildFile; fileRef = 04D6E23225B91B60000538C2 /* Menu.swift */; };
		04D6E23625B91E39000538C2 /* MenuListViewModel.swift in Sources */ = {isa = PBXBuildFile; fileRef = 04D6E23525B91E39000538C2 /* MenuListViewModel.swift */; };
		04D6E23925B91FA5000538C2 /* Extentsion.swift in Sources */ = {isa = PBXBuildFile; fileRef = 04D6E23825B91FA5000538C2 /* Extentsion.swift */; };
		04E0B81125BA76FF00559DF5 /* MenuItem.swift in Sources */ = {isa = PBXBuildFile; fileRef = 04E0B81025BA76FF00559DF5 /* MenuItem.swift */; };
		7596BB565F1B34F2194DE8BA /* Pods_RxSwift_Example.framework in Frameworks */ = {isa = PBXBuildFile; fileRef = 852A4F150E03BD629B3741AF /* Pods_RxSwift_Example.framework */; };
/* End PBXBuildFile section */

/* Begin PBXFileReference section */
		0436FC1C25BE590E003ACF73 /* Subject.playground */ = {isa = PBXFileReference; lastKnownFileType = file.playground; path = Subject.playground; sourceTree = "<group>"; xcLanguageSpecificationIdentifier = xcode.lang.swift; };
		0436FC2025BE5F15003ACF73 /* RxPhotoFilterViewController.swift */ = {isa = PBXFileReference; lastKnownFileType = sourcecode.swift; path = RxPhotoFilterViewController.swift; sourceTree = "<group>"; };
		0436FC2325BE5F28003ACF73 /* RxPhotoFilterCollectionViewController.swift */ = {isa = PBXFileReference; lastKnownFileType = sourcecode.swift; path = RxPhotoFilterCollectionViewController.swift; sourceTree = "<group>"; };
		0436FCC025BE6D0F003ACF73 /* PhotoCollectionViewCell.swift */ = {isa = PBXFileReference; lastKnownFileType = sourcecode.swift; path = PhotoCollectionViewCell.swift; sourceTree = "<group>"; };
		0444934A2596E6ED0091EE88 /* RxSwift Example.app */ = {isa = PBXFileReference; explicitFileType = wrapper.application; includeInIndex = 0; path = "RxSwift Example.app"; sourceTree = BUILT_PRODUCTS_DIR; };
		0444934D2596E6ED0091EE88 /* AppDelegate.swift */ = {isa = PBXFileReference; lastKnownFileType = sourcecode.swift; path = AppDelegate.swift; sourceTree = "<group>"; };
		0444934F2596E6ED0091EE88 /* SceneDelegate.swift */ = {isa = PBXFileReference; lastKnownFileType = sourcecode.swift; path = SceneDelegate.swift; sourceTree = "<group>"; };
		044493512596E6ED0091EE88 /* DisposeExampleViewController.swift */ = {isa = PBXFileReference; lastKnownFileType = sourcecode.swift; path = DisposeExampleViewController.swift; sourceTree = "<group>"; };
		044493542596E6ED0091EE88 /* Base */ = {isa = PBXFileReference; lastKnownFileType = file.storyboard; name = Base; path = Base.lproj/Main.storyboard; sourceTree = "<group>"; };
		044493562596E6EE0091EE88 /* Assets.xcassets */ = {isa = PBXFileReference; lastKnownFileType = folder.assetcatalog; path = Assets.xcassets; sourceTree = "<group>"; };
		044493592596E6EE0091EE88 /* Base */ = {isa = PBXFileReference; lastKnownFileType = file.storyboard; name = Base; path = Base.lproj/LaunchScreen.storyboard; sourceTree = "<group>"; };
		0444935B2596E6EE0091EE88 /* Info.plist */ = {isa = PBXFileReference; lastKnownFileType = text.plist.xml; path = Info.plist; sourceTree = "<group>"; };
		044D47B325C79A1100598119 /* Driver.playground */ = {isa = PBXFileReference; lastKnownFileType = file.playground; path = Driver.playground; sourceTree = "<group>"; xcLanguageSpecificationIdentifier = xcode.lang.swift; };
		044D47B525C79D6F00598119 /* Error Handling.playground */ = {isa = PBXFileReference; lastKnownFileType = file.playground; path = "Error Handling.playground"; sourceTree = "<group>"; xcLanguageSpecificationIdentifier = xcode.lang.swift; };
		047104C425C25680001D1BAD /* Article.swift */ = {isa = PBXFileReference; lastKnownFileType = sourcecode.swift; path = Article.swift; sourceTree = "<group>"; };
		047104C825C25B01001D1BAD /* ArticleTableViewCell.swift */ = {isa = PBXFileReference; lastKnownFileType = sourcecode.swift; path = ArticleTableViewCell.swift; sourceTree = "<group>"; };
		047CC63025BFAE4B006EF82E /* FilterService.swift */ = {isa = PBXFileReference; lastKnownFileType = sourcecode.swift; path = FilterService.swift; sourceTree = "<group>"; };
		047CC63325BFBC1A006EF82E /* Filter.playground */ = {isa = PBXFileReference; lastKnownFileType = file.playground; path = Filter.playground; sourceTree = "<group>"; xcLanguageSpecificationIdentifier = xcode.lang.swift; };
		047D62F725A55ECE00697BF2 /* LoginViewModel.swift */ = {isa = PBXFileReference; lastKnownFileType = sourcecode.swift; path = LoginViewModel.swift; sourceTree = "<group>"; };
		04A66D4925C0F99000A3EB92 /* ListViewController.swift */ = {isa = PBXFileReference; lastKnownFileType = sourcecode.swift; path = ListViewController.swift; sourceTree = "<group>"; };
		04A66D4C25C0FB1400A3EB92 /* ListTableViewCell.swift */ = {isa = PBXFileReference; lastKnownFileType = sourcecode.swift; path = ListTableViewCell.swift; sourceTree = "<group>"; };
		04A66D4F25C0FCD800A3EB92 /* AddListViewController.swift */ = {isa = PBXFileReference; lastKnownFileType = sourcecode.swift; path = AddListViewController.swift; sourceTree = "<group>"; };
		04A66D5225C0FDEE00A3EB92 /* Task.swift */ = {isa = PBXFileReference; lastKnownFileType = sourcecode.swift; path = Task.swift; sourceTree = "<group>"; };
		04A66D5525C10B3300A3EB92 /* Transform.playground */ = {isa = PBXFileReference; lastKnownFileType = file.playground; path = Transform.playground; sourceTree = "<group>"; xcLanguageSpecificationIdentifier = xcode.lang.swift; };
		04A66D5825C1110500A3EB92 /* Constants.swift */ = {isa = PBXFileReference; lastKnownFileType = sourcecode.swift; path = Constants.swift; sourceTree = "<group>"; };
		04A66D5C25C1131400A3EB92 /* NewsTableViewController.swift */ = {isa = PBXFileReference; lastKnownFileType = sourcecode.swift; path = NewsTableViewController.swift; sourceTree = "<group>"; };
		04AEB7202599873600CA9795 /* LoginExampleViewController.swift */ = {isa = PBXFileReference; lastKnownFileType = sourcecode.swift; path = LoginExampleViewController.swift; sourceTree = "<group>"; };
		04AEB723259989AC00CA9795 /* LoginRxExampleViewController.swift */ = {isa = PBXFileReference; lastKnownFileType = sourcecode.swift; path = LoginRxExampleViewController.swift; sourceTree = "<group>"; };
		04B78CE625B7CE06006AE6E2 /* RxJsonApiTableViewController.swift */ = {isa = PBXFileReference; lastKnownFileType = sourcecode.swift; path = RxJsonApiTableViewController.swift; sourceTree = "<group>"; };
		04B78CE925B7CE1F006AE6E2 /* RxJsonApiTableViewCell.swift */ = {isa = PBXFileReference; lastKnownFileType = sourcecode.swift; path = RxJsonApiTableViewCell.swift; sourceTree = "<group>"; };
		04B78CEC25B7CEE4006AE6E2 /* Person.swift */ = {isa = PBXFileReference; lastKnownFileType = sourcecode.swift; path = Person.swift; sourceTree = "<group>"; };
		04B934A525C3A45900EAC5BE /* Combine.playground */ = {isa = PBXFileReference; lastKnownFileType = file.playground; path = Combine.playground; sourceTree = "<group>"; xcLanguageSpecificationIdentifier = xcode.lang.swift; };
		04B934A825C3AC3900EAC5BE /* WeatherConstants.swift */ = {isa = PBXFileReference; lastKnownFileType = sourcecode.swift; path = WeatherConstants.swift; sourceTree = "<group>"; };
		04B934AC25C3C54900EAC5BE /* WeatherViewController.swift */ = {isa = PBXFileReference; lastKnownFileType = sourcecode.swift; path = WeatherViewController.swift; sourceTree = "<group>"; };
		04B934B025C3C6D400EAC5BE /* WeatherResult.swift */ = {isa = PBXFileReference; lastKnownFileType = sourcecode.swift; path = WeatherResult.swift; sourceTree = "<group>"; };
		04B934B325C3C78F00EAC5BE /* URLRequest+Extensions.swift */ = {isa = PBXFileReference; lastKnownFileType = sourcecode.swift; path = "URLRequest+Extensions.swift"; sourceTree = "<group>"; };
		04D6E22625B911D3000538C2 /* APIService.swift */ = {isa = PBXFileReference; lastKnownFileType = sourcecode.swift; path = APIService.swift; sourceTree = "<group>"; };
		04D6E22925B914BE000538C2 /* OrderViewController.swift */ = {isa = PBXFileReference; lastKnownFileType = sourcecode.swift; path = OrderViewController.swift; sourceTree = "<group>"; };
		04D6E22C25B9168A000538C2 /* MenuViewController.swift */ = {isa = PBXFileReference; lastKnownFileType = sourcecode.swift; path = MenuViewController.swift; sourceTree = "<group>"; };
		04D6E22F25B916A4000538C2 /* MenuTableViewCell.swift */ = {isa = PBXFileReference; lastKnownFileType = sourcecode.swift; path = MenuTableViewCell.swift; sourceTree = "<group>"; };
		04D6E23225B91B60000538C2 /* Menu.swift */ = {isa = PBXFileReference; lastKnownFileType = sourcecode.swift; path = Menu.swift; sourceTree = "<group>"; };
		04D6E23525B91E39000538C2 /* MenuListViewModel.swift */ = {isa = PBXFileReference; lastKnownFileType = sourcecode.swift; path = MenuListViewModel.swift; sourceTree = "<group>"; };
		04D6E23825B91FA5000538C2 /* Extentsion.swift */ = {isa = PBXFileReference; lastKnownFileType = sourcecode.swift; path = Extentsion.swift; sourceTree = "<group>"; };
		04E0B81025BA76FF00559DF5 /* MenuItem.swift */ = {isa = PBXFileReference; lastKnownFileType = sourcecode.swift; path = MenuItem.swift; sourceTree = "<group>"; };
		04F584D3259AE25500A614DD /* RxSwiftTest.playground */ = {isa = PBXFileReference; lastKnownFileType = file.playground; path = RxSwiftTest.playground; sourceTree = "<group>"; xcLanguageSpecificationIdentifier = xcode.lang.swift; };
		6B168DBD33EC7A2C4306F9DD /* Pods-RxSwift Example.debug.xcconfig */ = {isa = PBXFileReference; includeInIndex = 1; lastKnownFileType = text.xcconfig; name = "Pods-RxSwift Example.debug.xcconfig"; path = "Target Support Files/Pods-RxSwift Example/Pods-RxSwift Example.debug.xcconfig"; sourceTree = "<group>"; };
		852A4F150E03BD629B3741AF /* Pods_RxSwift_Example.framework */ = {isa = PBXFileReference; explicitFileType = wrapper.framework; includeInIndex = 0; path = Pods_RxSwift_Example.framework; sourceTree = BUILT_PRODUCTS_DIR; };
		D5CE98B99A1DE0ABF9845A9E /* Pods-RxSwift Example.release.xcconfig */ = {isa = PBXFileReference; includeInIndex = 1; lastKnownFileType = text.xcconfig; name = "Pods-RxSwift Example.release.xcconfig"; path = "Target Support Files/Pods-RxSwift Example/Pods-RxSwift Example.release.xcconfig"; sourceTree = "<group>"; };
/* End PBXFileReference section */

/* Begin PBXFrameworksBuildPhase section */
		044493472596E6ED0091EE88 /* Frameworks */ = {
			isa = PBXFrameworksBuildPhase;
			buildActionMask = 2147483647;
			files = (
				7596BB565F1B34F2194DE8BA /* Pods_RxSwift_Example.framework in Frameworks */,
			);
			runOnlyForDeploymentPostprocessing = 0;
		};
/* End PBXFrameworksBuildPhase section */

/* Begin PBXGroup section */
		0436FC1E25BE5E46003ACF73 /* RxPhotoFilter */ = {
			isa = PBXGroup;
			children = (
				0436FC2025BE5F15003ACF73 /* RxPhotoFilterViewController.swift */,
				0436FC2325BE5F28003ACF73 /* RxPhotoFilterCollectionViewController.swift */,
				0436FCC025BE6D0F003ACF73 /* PhotoCollectionViewCell.swift */,
				047CC63025BFAE4B006EF82E /* FilterService.swift */,
			);
			path = RxPhotoFilter;
			sourceTree = "<group>";
		};
		044493412596E6ED0091EE88 = {
			isa = PBXGroup;
			children = (
				0444934C2596E6ED0091EE88 /* RxSwift Example */,
				0444934B2596E6ED0091EE88 /* Products */,
				A3CA51B03EDA4A0834B13FF1 /* Pods */,
				087844A3DF854F97D54E659C /* Frameworks */,
			);
			sourceTree = "<group>";
		};
		0444934B2596E6ED0091EE88 /* Products */ = {
			isa = PBXGroup;
			children = (
				0444934A2596E6ED0091EE88 /* RxSwift Example.app */,
			);
			name = Products;
			sourceTree = "<group>";
		};
		0444934C2596E6ED0091EE88 /* RxSwift Example */ = {
			isa = PBXGroup;
			children = (
				04B934A725C3AB6E00EAC5BE /* RxWeather */,
				04A66D5725C110B900A3EB92 /* RxNews */,
				04A66D4725C0F90700A3EB92 /* RxToDoList */,
				0436FC1E25BE5E46003ACF73 /* RxPhotoFilter */,
				04D6E22525B911BA000538C2 /* RxOrder */,
				04B78CE025B7CCBF006AE6E2 /* RxJsonApi */,
				04B78CDF25B7CCA9006AE6E2 /* Storyboard */,
				04B78CDE25B7CC85006AE6E2 /* Delegate */,
				04B78CDC25B7CC5E006AE6E2 /* Dispose */,
				04B78CDA25B7CC27006AE6E2 /* Login */,
				04B934B325C3C78F00EAC5BE /* URLRequest+Extensions.swift */,
				044493562596E6EE0091EE88 /* Assets.xcassets */,
				0444935B2596E6EE0091EE88 /* Info.plist */,
				04F584D3259AE25500A614DD /* RxSwiftTest.playground */,
				0436FC1C25BE590E003ACF73 /* Subject.playground */,
				047CC63325BFBC1A006EF82E /* Filter.playground */,
				04A66D5525C10B3300A3EB92 /* Transform.playground */,
				04B934A525C3A45900EAC5BE /* Combine.playground */,
				044D47B325C79A1100598119 /* Driver.playground */,
				044D47B525C79D6F00598119 /* Error Handling.playground */,
			);
			path = "RxSwift Example";
			sourceTree = "<group>";
		};
		047104C325C25675001D1BAD /* Model */ = {
			isa = PBXGroup;
			children = (
				047104C425C25680001D1BAD /* Article.swift */,
			);
			path = Model;
			sourceTree = "<group>";
		};
		047104C725C25AEF001D1BAD /* Cell */ = {
			isa = PBXGroup;
			children = (
				047104C825C25B01001D1BAD /* ArticleTableViewCell.swift */,
			);
			path = Cell;
			sourceTree = "<group>";
		};
		04A66D4725C0F90700A3EB92 /* RxToDoList */ = {
			isa = PBXGroup;
			children = (
				04A66D4925C0F99000A3EB92 /* ListViewController.swift */,
				04A66D4C25C0FB1400A3EB92 /* ListTableViewCell.swift */,
				04A66D4F25C0FCD800A3EB92 /* AddListViewController.swift */,
				04A66D5225C0FDEE00A3EB92 /* Task.swift */,
			);
			path = RxToDoList;
			sourceTree = "<group>";
		};
		04A66D5725C110B900A3EB92 /* RxNews */ = {
			isa = PBXGroup;
			children = (
				047104C725C25AEF001D1BAD /* Cell */,
				047104C325C25675001D1BAD /* Model */,
				04A66D5825C1110500A3EB92 /* Constants.swift */,
				04A66D5C25C1131400A3EB92 /* NewsTableViewController.swift */,
			);
			path = RxNews;
			sourceTree = "<group>";
		};
		04B78CDA25B7CC27006AE6E2 /* Login */ = {
			isa = PBXGroup;
			children = (
				047D62F725A55ECE00697BF2 /* LoginViewModel.swift */,
				04AEB7202599873600CA9795 /* LoginExampleViewController.swift */,
				04AEB723259989AC00CA9795 /* LoginRxExampleViewController.swift */,
			);
			path = Login;
			sourceTree = "<group>";
		};
		04B78CDC25B7CC5E006AE6E2 /* Dispose */ = {
			isa = PBXGroup;
			children = (
				044493512596E6ED0091EE88 /* DisposeExampleViewController.swift */,
			);
			path = Dispose;
			sourceTree = "<group>";
		};
		04B78CDE25B7CC85006AE6E2 /* Delegate */ = {
			isa = PBXGroup;
			children = (
				0444934D2596E6ED0091EE88 /* AppDelegate.swift */,
				0444934F2596E6ED0091EE88 /* SceneDelegate.swift */,
			);
			path = Delegate;
			sourceTree = "<group>";
		};
		04B78CDF25B7CCA9006AE6E2 /* Storyboard */ = {
			isa = PBXGroup;
			children = (
				044493532596E6ED0091EE88 /* Main.storyboard */,
				044493582596E6EE0091EE88 /* LaunchScreen.storyboard */,
			);
			path = Storyboard;
			sourceTree = "<group>";
		};
		04B78CE025B7CCBF006AE6E2 /* RxJsonApi */ = {
			isa = PBXGroup;
			children = (
				04B78CE625B7CE06006AE6E2 /* RxJsonApiTableViewController.swift */,
				04B78CE925B7CE1F006AE6E2 /* RxJsonApiTableViewCell.swift */,
				04B78CEC25B7CEE4006AE6E2 /* Person.swift */,
			);
			path = RxJsonApi;
			sourceTree = "<group>";
		};
		04B934A725C3AB6E00EAC5BE /* RxWeather */ = {
			isa = PBXGroup;
			children = (
				04B934A825C3AC3900EAC5BE /* WeatherConstants.swift */,
				04B934AC25C3C54900EAC5BE /* WeatherViewController.swift */,
				04B934B025C3C6D400EAC5BE /* WeatherResult.swift */,
			);
			path = RxWeather;
			sourceTree = "<group>";
		};
		04D6E22525B911BA000538C2 /* RxOrder */ = {
			isa = PBXGroup;
			children = (
				04D6E23C25B9229B000538C2 /* Order */,
				04D6E23B25B92287000538C2 /* Menu */,
				04D6E22625B911D3000538C2 /* APIService.swift */,
				04D6E23825B91FA5000538C2 /* Extentsion.swift */,
			);
			path = RxOrder;
			sourceTree = "<group>";
		};
		04D6E23B25B92287000538C2 /* Menu */ = {
			isa = PBXGroup;
			children = (
				04D6E22C25B9168A000538C2 /* MenuViewController.swift */,
				04D6E22F25B916A4000538C2 /* MenuTableViewCell.swift */,
				04D6E23525B91E39000538C2 /* MenuListViewModel.swift */,
				04D6E23225B91B60000538C2 /* Menu.swift */,
				04E0B81025BA76FF00559DF5 /* MenuItem.swift */,
			);
			path = Menu;
			sourceTree = "<group>";
		};
		04D6E23C25B9229B000538C2 /* Order */ = {
			isa = PBXGroup;
			children = (
				04D6E22925B914BE000538C2 /* OrderViewController.swift */,
			);
			path = Order;
			sourceTree = "<group>";
		};
		087844A3DF854F97D54E659C /* Frameworks */ = {
			isa = PBXGroup;
			children = (
				852A4F150E03BD629B3741AF /* Pods_RxSwift_Example.framework */,
			);
			name = Frameworks;
			sourceTree = "<group>";
		};
		A3CA51B03EDA4A0834B13FF1 /* Pods */ = {
			isa = PBXGroup;
			children = (
				6B168DBD33EC7A2C4306F9DD /* Pods-RxSwift Example.debug.xcconfig */,
				D5CE98B99A1DE0ABF9845A9E /* Pods-RxSwift Example.release.xcconfig */,
			);
			path = Pods;
			sourceTree = "<group>";
		};
/* End PBXGroup section */

/* Begin PBXNativeTarget section */
		044493492596E6ED0091EE88 /* RxSwift Example */ = {
			isa = PBXNativeTarget;
			buildConfigurationList = 0444935E2596E6EE0091EE88 /* Build configuration list for PBXNativeTarget "RxSwift Example" */;
			buildPhases = (
				F14C7AF289B4F8D37BCB1197 /* [CP] Check Pods Manifest.lock */,
				044493462596E6ED0091EE88 /* Sources */,
				044493472596E6ED0091EE88 /* Frameworks */,
				044493482596E6ED0091EE88 /* Resources */,
				540409C4DAECEE44A2555046 /* [CP] Embed Pods Frameworks */,
			);
			buildRules = (
			);
			dependencies = (
			);
			name = "RxSwift Example";
			productName = "RxSwift Example";
			productReference = 0444934A2596E6ED0091EE88 /* RxSwift Example.app */;
			productType = "com.apple.product-type.application";
		};
/* End PBXNativeTarget section */

/* Begin PBXProject section */
		044493422596E6ED0091EE88 /* Project object */ = {
			isa = PBXProject;
			attributes = {
				LastSwiftUpdateCheck = 1230;
				LastUpgradeCheck = 1230;
				TargetAttributes = {
					044493492596E6ED0091EE88 = {
						CreatedOnToolsVersion = 12.3;
					};
				};
			};
			buildConfigurationList = 044493452596E6ED0091EE88 /* Build configuration list for PBXProject "RxSwift Example" */;
			compatibilityVersion = "Xcode 9.3";
			developmentRegion = en;
			hasScannedForEncodings = 0;
			knownRegions = (
				en,
				Base,
			);
			mainGroup = 044493412596E6ED0091EE88;
			productRefGroup = 0444934B2596E6ED0091EE88 /* Products */;
			projectDirPath = "";
			projectRoot = "";
			targets = (
				044493492596E6ED0091EE88 /* RxSwift Example */,
			);
		};
/* End PBXProject section */

/* Begin PBXResourcesBuildPhase section */
		044493482596E6ED0091EE88 /* Resources */ = {
			isa = PBXResourcesBuildPhase;
			buildActionMask = 2147483647;
			files = (
				0444935A2596E6EE0091EE88 /* LaunchScreen.storyboard in Resources */,
				044493572596E6EE0091EE88 /* Assets.xcassets in Resources */,
				044493552596E6ED0091EE88 /* Main.storyboard in Resources */,
			);
			runOnlyForDeploymentPostprocessing = 0;
		};
/* End PBXResourcesBuildPhase section */

/* Begin PBXShellScriptBuildPhase section */
		540409C4DAECEE44A2555046 /* [CP] Embed Pods Frameworks */ = {
			isa = PBXShellScriptBuildPhase;
			buildActionMask = 2147483647;
			files = (
			);
			inputFileListPaths = (
				"${PODS_ROOT}/Target Support Files/Pods-RxSwift Example/Pods-RxSwift Example-frameworks-${CONFIGURATION}-input-files.xcfilelist",
			);
			name = "[CP] Embed Pods Frameworks";
			outputFileListPaths = (
				"${PODS_ROOT}/Target Support Files/Pods-RxSwift Example/Pods-RxSwift Example-frameworks-${CONFIGURATION}-output-files.xcfilelist",
			);
			runOnlyForDeploymentPostprocessing = 0;
			shellPath = /bin/sh;
			shellScript = "\"${PODS_ROOT}/Target Support Files/Pods-RxSwift Example/Pods-RxSwift Example-frameworks.sh\"\n";
			showEnvVarsInLog = 0;
		};
		F14C7AF289B4F8D37BCB1197 /* [CP] Check Pods Manifest.lock */ = {
			isa = PBXShellScriptBuildPhase;
			buildActionMask = 2147483647;
			files = (
			);
			inputFileListPaths = (
			);
			inputPaths = (
				"${PODS_PODFILE_DIR_PATH}/Podfile.lock",
				"${PODS_ROOT}/Manifest.lock",
			);
			name = "[CP] Check Pods Manifest.lock";
			outputFileListPaths = (
			);
			outputPaths = (
				"$(DERIVED_FILE_DIR)/Pods-RxSwift Example-checkManifestLockResult.txt",
			);
			runOnlyForDeploymentPostprocessing = 0;
			shellPath = /bin/sh;
			shellScript = "diff \"${PODS_PODFILE_DIR_PATH}/Podfile.lock\" \"${PODS_ROOT}/Manifest.lock\" > /dev/null\nif [ $? != 0 ] ; then\n    # print error to STDERR\n    echo \"error: The sandbox is not in sync with the Podfile.lock. Run 'pod install' or update your CocoaPods installation.\" >&2\n    exit 1\nfi\n# This output is used by Xcode 'outputs' to avoid re-running this script phase.\necho \"SUCCESS\" > \"${SCRIPT_OUTPUT_FILE_0}\"\n";
			showEnvVarsInLog = 0;
		};
/* End PBXShellScriptBuildPhase section */

/* Begin PBXSourcesBuildPhase section */
		044493462596E6ED0091EE88 /* Sources */ = {
			isa = PBXSourcesBuildPhase;
			buildActionMask = 2147483647;
			files = (
				047104C525C25680001D1BAD /* Article.swift in Sources */,
				04E0B81125BA76FF00559DF5 /* MenuItem.swift in Sources */,
				0436FCC125BE6D0F003ACF73 /* PhotoCollectionViewCell.swift in Sources */,
				04A66D4D25C0FB1400A3EB92 /* ListTableViewCell.swift in Sources */,
				04B78CEA25B7CE1F006AE6E2 /* RxJsonApiTableViewCell.swift in Sources */,
				04B934AD25C3C54900EAC5BE /* WeatherViewController.swift in Sources */,
				047CC63125BFAE4B006EF82E /* FilterService.swift in Sources */,
				044493522596E6ED0091EE88 /* DisposeExampleViewController.swift in Sources */,
				04D6E23325B91B60000538C2 /* Menu.swift in Sources */,
				04A66D5925C1110500A3EB92 /* Constants.swift in Sources */,
				04B934A925C3AC3900EAC5BE /* WeatherConstants.swift in Sources */,
				04A66D5D25C1131400A3EB92 /* NewsTableViewController.swift in Sources */,
				0436FC2425BE5F28003ACF73 /* RxPhotoFilterCollectionViewController.swift in Sources */,
				04B78CE725B7CE06006AE6E2 /* RxJsonApiTableViewController.swift in Sources */,
				04AEB724259989AC00CA9795 /* LoginRxExampleViewController.swift in Sources */,
				047D62F825A55ECE00697BF2 /* LoginViewModel.swift in Sources */,
				0444934E2596E6ED0091EE88 /* AppDelegate.swift in Sources */,
				04A66D5325C0FDEE00A3EB92 /* Task.swift in Sources */,
				04D6E22725B911D3000538C2 /* APIService.swift in Sources */,
				047104C925C25B01001D1BAD /* ArticleTableViewCell.swift in Sources */,
				04D6E22D25B9168A000538C2 /* MenuViewController.swift in Sources */,
				04AEB7212599873600CA9795 /* LoginExampleViewController.swift in Sources */,
				04D6E23025B916A4000538C2 /* MenuTableViewCell.swift in Sources */,
				04B78CED25B7CEE4006AE6E2 /* Person.swift in Sources */,
				04A66D4A25C0F99000A3EB92 /* ListViewController.swift in Sources */,
				04A66D5025C0FCD800A3EB92 /* AddListViewController.swift in Sources */,
				04B934B425C3C78F00EAC5BE /* URLRequest+Extensions.swift in Sources */,
				04D6E23925B91FA5000538C2 /* Extentsion.swift in Sources */,
				04D6E22A25B914BE000538C2 /* OrderViewController.swift in Sources */,
				0436FC2125BE5F15003ACF73 /* RxPhotoFilterViewController.swift in Sources */,
				04B934B125C3C6D400EAC5BE /* WeatherResult.swift in Sources */,
				044493502596E6ED0091EE88 /* SceneDelegate.swift in Sources */,
				04D6E23625B91E39000538C2 /* MenuListViewModel.swift in Sources */,
			);
			runOnlyForDeploymentPostprocessing = 0;
		};
/* End PBXSourcesBuildPhase section */

/* Begin PBXVariantGroup section */
		044493532596E6ED0091EE88 /* Main.storyboard */ = {
			isa = PBXVariantGroup;
			children = (
				044493542596E6ED0091EE88 /* Base */,
			);
			name = Main.storyboard;
			sourceTree = "<group>";
		};
		044493582596E6EE0091EE88 /* LaunchScreen.storyboard */ = {
			isa = PBXVariantGroup;
			children = (
				044493592596E6EE0091EE88 /* Base */,
			);
			name = LaunchScreen.storyboard;
			sourceTree = "<group>";
		};
/* End PBXVariantGroup section */

/* Begin XCBuildConfiguration section */
		0444935C2596E6EE0091EE88 /* Debug */ = {
			isa = XCBuildConfiguration;
			buildSettings = {
				ALWAYS_SEARCH_USER_PATHS = NO;
				CLANG_ANALYZER_NONNULL = YES;
				CLANG_ANALYZER_NUMBER_OBJECT_CONVERSION = YES_AGGRESSIVE;
				CLANG_CXX_LANGUAGE_STANDARD = "gnu++14";
				CLANG_CXX_LIBRARY = "libc++";
				CLANG_ENABLE_MODULES = YES;
				CLANG_ENABLE_OBJC_ARC = YES;
				CLANG_ENABLE_OBJC_WEAK = YES;
				CLANG_WARN_BLOCK_CAPTURE_AUTORELEASING = YES;
				CLANG_WARN_BOOL_CONVERSION = YES;
				CLANG_WARN_COMMA = YES;
				CLANG_WARN_CONSTANT_CONVERSION = YES;
				CLANG_WARN_DEPRECATED_OBJC_IMPLEMENTATIONS = YES;
				CLANG_WARN_DIRECT_OBJC_ISA_USAGE = YES_ERROR;
				CLANG_WARN_DOCUMENTATION_COMMENTS = YES;
				CLANG_WARN_EMPTY_BODY = YES;
				CLANG_WARN_ENUM_CONVERSION = YES;
				CLANG_WARN_INFINITE_RECURSION = YES;
				CLANG_WARN_INT_CONVERSION = YES;
				CLANG_WARN_NON_LITERAL_NULL_CONVERSION = YES;
				CLANG_WARN_OBJC_IMPLICIT_RETAIN_SELF = YES;
				CLANG_WARN_OBJC_LITERAL_CONVERSION = YES;
				CLANG_WARN_OBJC_ROOT_CLASS = YES_ERROR;
				CLANG_WARN_QUOTED_INCLUDE_IN_FRAMEWORK_HEADER = YES;
				CLANG_WARN_RANGE_LOOP_ANALYSIS = YES;
				CLANG_WARN_STRICT_PROTOTYPES = YES;
				CLANG_WARN_SUSPICIOUS_MOVE = YES;
				CLANG_WARN_UNGUARDED_AVAILABILITY = YES_AGGRESSIVE;
				CLANG_WARN_UNREACHABLE_CODE = YES;
				CLANG_WARN__DUPLICATE_METHOD_MATCH = YES;
				COPY_PHASE_STRIP = NO;
				DEBUG_INFORMATION_FORMAT = dwarf;
				ENABLE_STRICT_OBJC_MSGSEND = YES;
				ENABLE_TESTABILITY = YES;
				GCC_C_LANGUAGE_STANDARD = gnu11;
				GCC_DYNAMIC_NO_PIC = NO;
				GCC_NO_COMMON_BLOCKS = YES;
				GCC_OPTIMIZATION_LEVEL = 0;
				GCC_PREPROCESSOR_DEFINITIONS = (
					"DEBUG=1",
					"$(inherited)",
				);
				GCC_WARN_64_TO_32_BIT_CONVERSION = YES;
				GCC_WARN_ABOUT_RETURN_TYPE = YES_ERROR;
				GCC_WARN_UNDECLARED_SELECTOR = YES;
				GCC_WARN_UNINITIALIZED_AUTOS = YES_AGGRESSIVE;
				GCC_WARN_UNUSED_FUNCTION = YES;
				GCC_WARN_UNUSED_VARIABLE = YES;
				IPHONEOS_DEPLOYMENT_TARGET = 14.3;
				MTL_ENABLE_DEBUG_INFO = INCLUDE_SOURCE;
				MTL_FAST_MATH = YES;
				ONLY_ACTIVE_ARCH = YES;
				SDKROOT = iphoneos;
				SWIFT_ACTIVE_COMPILATION_CONDITIONS = DEBUG;
				SWIFT_OPTIMIZATION_LEVEL = "-Onone";
			};
			name = Debug;
		};
		0444935D2596E6EE0091EE88 /* Release */ = {
			isa = XCBuildConfiguration;
			buildSettings = {
				ALWAYS_SEARCH_USER_PATHS = NO;
				CLANG_ANALYZER_NONNULL = YES;
				CLANG_ANALYZER_NUMBER_OBJECT_CONVERSION = YES_AGGRESSIVE;
				CLANG_CXX_LANGUAGE_STANDARD = "gnu++14";
				CLANG_CXX_LIBRARY = "libc++";
				CLANG_ENABLE_MODULES = YES;
				CLANG_ENABLE_OBJC_ARC = YES;
				CLANG_ENABLE_OBJC_WEAK = YES;
				CLANG_WARN_BLOCK_CAPTURE_AUTORELEASING = YES;
				CLANG_WARN_BOOL_CONVERSION = YES;
				CLANG_WARN_COMMA = YES;
				CLANG_WARN_CONSTANT_CONVERSION = YES;
				CLANG_WARN_DEPRECATED_OBJC_IMPLEMENTATIONS = YES;
				CLANG_WARN_DIRECT_OBJC_ISA_USAGE = YES_ERROR;
				CLANG_WARN_DOCUMENTATION_COMMENTS = YES;
				CLANG_WARN_EMPTY_BODY = YES;
				CLANG_WARN_ENUM_CONVERSION = YES;
				CLANG_WARN_INFINITE_RECURSION = YES;
				CLANG_WARN_INT_CONVERSION = YES;
				CLANG_WARN_NON_LITERAL_NULL_CONVERSION = YES;
				CLANG_WARN_OBJC_IMPLICIT_RETAIN_SELF = YES;
				CLANG_WARN_OBJC_LITERAL_CONVERSION = YES;
				CLANG_WARN_OBJC_ROOT_CLASS = YES_ERROR;
				CLANG_WARN_QUOTED_INCLUDE_IN_FRAMEWORK_HEADER = YES;
				CLANG_WARN_RANGE_LOOP_ANALYSIS = YES;
				CLANG_WARN_STRICT_PROTOTYPES = YES;
				CLANG_WARN_SUSPICIOUS_MOVE = YES;
				CLANG_WARN_UNGUARDED_AVAILABILITY = YES_AGGRESSIVE;
				CLANG_WARN_UNREACHABLE_CODE = YES;
				CLANG_WARN__DUPLICATE_METHOD_MATCH = YES;
				COPY_PHASE_STRIP = NO;
				DEBUG_INFORMATION_FORMAT = "dwarf-with-dsym";
				ENABLE_NS_ASSERTIONS = NO;
				ENABLE_STRICT_OBJC_MSGSEND = YES;
				GCC_C_LANGUAGE_STANDARD = gnu11;
				GCC_NO_COMMON_BLOCKS = YES;
				GCC_WARN_64_TO_32_BIT_CONVERSION = YES;
				GCC_WARN_ABOUT_RETURN_TYPE = YES_ERROR;
				GCC_WARN_UNDECLARED_SELECTOR = YES;
				GCC_WARN_UNINITIALIZED_AUTOS = YES_AGGRESSIVE;
				GCC_WARN_UNUSED_FUNCTION = YES;
				GCC_WARN_UNUSED_VARIABLE = YES;
				IPHONEOS_DEPLOYMENT_TARGET = 14.3;
				MTL_ENABLE_DEBUG_INFO = NO;
				MTL_FAST_MATH = YES;
				SDKROOT = iphoneos;
				SWIFT_COMPILATION_MODE = wholemodule;
				SWIFT_OPTIMIZATION_LEVEL = "-O";
				VALIDATE_PRODUCT = YES;
			};
			name = Release;
		};
		0444935F2596E6EE0091EE88 /* Debug */ = {
			isa = XCBuildConfiguration;
			baseConfigurationReference = 6B168DBD33EC7A2C4306F9DD /* Pods-RxSwift Example.debug.xcconfig */;
			buildSettings = {
				ASSETCATALOG_COMPILER_APPICON_NAME = AppIcon;
				ASSETCATALOG_COMPILER_GLOBAL_ACCENT_COLOR_NAME = AccentColor;
				CODE_SIGN_STYLE = Automatic;
				DEVELOPMENT_TEAM = 2F54VR68GM;
				INFOPLIST_FILE = "RxSwift Example/Info.plist";
				LD_RUNPATH_SEARCH_PATHS = (
					"$(inherited)",
					"@executable_path/Frameworks",
				);
				PRODUCT_BUNDLE_IDENTIFIER = "com.fomagran.RxSwift-Example";
				PRODUCT_NAME = "$(TARGET_NAME)";
				SWIFT_VERSION = 5.0;
				TARGETED_DEVICE_FAMILY = "1,2";
			};
			name = Debug;
		};
		044493602596E6EE0091EE88 /* Release */ = {
			isa = XCBuildConfiguration;
			baseConfigurationReference = D5CE98B99A1DE0ABF9845A9E /* Pods-RxSwift Example.release.xcconfig */;
			buildSettings = {
				ASSETCATALOG_COMPILER_APPICON_NAME = AppIcon;
				ASSETCATALOG_COMPILER_GLOBAL_ACCENT_COLOR_NAME = AccentColor;
				CODE_SIGN_STYLE = Automatic;
				DEVELOPMENT_TEAM = 2F54VR68GM;
				INFOPLIST_FILE = "RxSwift Example/Info.plist";
				LD_RUNPATH_SEARCH_PATHS = (
					"$(inherited)",
					"@executable_path/Frameworks",
				);
				PRODUCT_BUNDLE_IDENTIFIER = "com.fomagran.RxSwift-Example";
				PRODUCT_NAME = "$(TARGET_NAME)";
				SWIFT_VERSION = 5.0;
				TARGETED_DEVICE_FAMILY = "1,2";
			};
			name = Release;
		};
/* End XCBuildConfiguration section */

/* Begin XCConfigurationList section */
		044493452596E6ED0091EE88 /* Build configuration list for PBXProject "RxSwift Example" */ = {
			isa = XCConfigurationList;
			buildConfigurations = (
				0444935C2596E6EE0091EE88 /* Debug */,
				0444935D2596E6EE0091EE88 /* Release */,
			);
			defaultConfigurationIsVisible = 0;
			defaultConfigurationName = Release;
		};
		0444935E2596E6EE0091EE88 /* Build configuration list for PBXNativeTarget "RxSwift Example" */ = {
			isa = XCConfigurationList;
			buildConfigurations = (
				0444935F2596E6EE0091EE88 /* Debug */,
				044493602596E6EE0091EE88 /* Release */,
			);
			defaultConfigurationIsVisible = 0;
			defaultConfigurationName = Release;
		};
/* End XCConfigurationList section */
	};
	rootObject = 044493422596E6ED0091EE88 /* Project object */;
}
